fyne.io/fyne/v2 v2.6.1 h1:kjPJD4/rBS9m2nHJp+npPSuaK79yj6ObMTuzR6VQ1Is=
fyne.io/fyne/v2 v2.6.1/go.mod h1:YZt7SksjvrSNJCwbWFV32WON3mE1Sr7L41D29qMZ/lU=
github.com/lib/pq v1.10.9 h1:YXG7RB+JIjhP29X+OtkiDnYaXQwpS4JEWq7dtCCRUEw=
github.com/lib/pq v1.10.9/go.mod h1:AlVN5x4E4T544tWzH6hKfbfQvm3HdbOxrmggDNAPY9o=
